
Microsoft Visual Studio Solution File, Format Version 12.00
# Visual Studio Version 16
VisualStudioVersion = 16.0.30621.155
MinimumVisualStudioVersion = 10.0.40219.1
Project("{FAE04EC0-301F-11D3-BF4B-00C04F79EFBC}") = "Valheim-BuildInDungeon", "Valheim-BuildInDungeon\Valheim-BuildInDungeon.csproj", "{C7F27EC6-5F53-4CB7-97A4-83BE9ABCEB11}"
EndProject
Global
	GlobalSection(SolutionConfigurationPlatforms) = preSolution
		Debug|Any CPU = Debug|Any CPU
		Release|Any CPU = Release|Any CPU
	EndGlobalSection
	GlobalSection(ProjectConfigurationPlatforms) = postSolution
		{C7F27EC6-5F53-4CB7-97A4-83BE9ABCEB11}.Debug|Any CPU.ActiveCfg = Debug|Any CPU
		{C7F27EC6-5F53-4CB7-97A4-83BE9ABCEB11}.Debug|Any CPU.Build.0 = Debug|Any CPU
		{C7F27EC6-5F53-4CB7-97A4-83BE9ABCEB11}.Release|Any CPU.ActiveCfg = Release|Any CPU
		{C7F27EC6-5F53-4CB7-97A4-83BE9ABCEB11}.Release|Any CPU.Build.0 = Release|Any CPU
	EndGlobalSection
	GlobalSection(SolutionProperties) = preSolution
		HideSolutionNode = FALSE
	EndGlobalSection
	GlobalSection(ExtensibilityGlobals) = postSolution
		SolutionGuid = {EC0DA58A-ABF1-47A9-9275-CC35432CAC09}
	EndGlobalSection
EndGlobal
